// !$*UTF8*$!
{
archiveVersion = 1;
classes = {};
objectVersion = 56;
objects = {
/* Begin PBXBuildFile section */
A00000000000000000000001 = {isa = PBXBuildFile; fileRef = A00000000000000000000011; };
A00000000000000000000002 = {isa = PBXBuildFile; fileRef = A00000000000000000000012; };
A00000000000000000000003 = {isa = PBXBuildFile; fileRef = A00000000000000000000013; };
/* End PBXBuildFile section */
/* Begin PBXFileReference section */
A00000000000000000000011 = {isa = PBXFileReference; lastKnownFileType = sourcecode.swift; path = AppDelegate.swift; sourceTree = "<group>";};
A00000000000000000000012 = {isa = PBXFileReference; lastKnownFileType = sourcecode.swift; path = SceneDelegate.swift; sourceTree = "<group>";};
A00000000000000000000013 = {isa = PBXFileReference; lastKnownFileType = folder; path = Resources; sourceTree = "<group>";};
A00000000000000000000014 = {isa = PBXFileReference; explicitFileType = wrapper.application; path = NovaBank.app; sourceTree = BUILT_PRODUCTS_DIR;};
/* End PBXFileReference section */
/* Begin PBXFrameworksBuildPhase section */
A00000000000000000000021 = {isa = PBXFrameworksBuildPhase; buildActionMask = 2147483647; files = ();};
/* End PBXFrameworksBuildPhase section */
/* Begin PBXGroup section */
A00000000000000000000031 = {isa = PBXGroup; children = (A00000000000000000000011,A00000000000000000000012,A00000000000000000000013); path = NovaBank; sourceTree = "<group>";};
A00000000000000000000032 = {isa = PBXGroup; children = (A00000000000000000000031); sourceTree = "<group>";};
/* End PBXGroup section */
/* Begin PBXNativeTarget section */
A00000000000000000000041 = {isa = PBXNativeTarget; buildConfigurationList = A00000000000000000000061; buildPhases = (A00000000000000000000021,A00000000000000000000051,A00000000000000000000052); name = NovaBank; productName = NovaBank; productReference = A00000000000000000000014; productType = "com.apple.product-type.application";};
/* End PBXNativeTarget section */
/* Begin PBXProject section */
A00000000000000000000042 = {isa = PBXProject; buildConfigurationList = A00000000000000000000062; compatibilityVersion = "Xcode 14.0"; developmentRegion = en; mainGroup = A00000000000000000000032; productRefGroup = A00000000000000000000032; targets = (A00000000000000000000041);};
/* End PBXProject section */
/* Begin PBXResourcesBuildPhase section */
A00000000000000000000052 = {isa = PBXResourcesBuildPhase; buildActionMask = 2147483647; files = (A00000000000000000000003);};
/* End PBXResourcesBuildPhase section */
/* Begin PBXSourcesBuildPhase section */
A00000000000000000000051 = {isa = PBXSourcesBuildPhase; buildActionMask = 2147483647; files = (A00000000000000000000001,A00000000000000000000002);};
/* End PBXSourcesBuildPhase section */
/* Begin XCBuildConfiguration section */
A00000000000000000000071 = {isa = XCBuildConfiguration; buildSettings = {PRODUCT_BUNDLE_IDENTIFIER = com.example.NovaBank; INFOPLIST_FILE = NovaBank/Info.plist; IPHONEOS_DEPLOYMENT_TARGET = 15.0; SWIFT_VERSION = 5.0; TARGETED_DEVICE_FAMILY = "1,2"; PRODUCT_NAME = NovaBank; CODE_SIGNING_ALLOWED = NO; CODE_SIGNING_REQUIRED = NO;}; name = Debug;};
A00000000000000000000072 = {isa = XCBuildConfiguration; buildSettings = {PRODUCT_BUNDLE_IDENTIFIER = com.example.NovaBank; INFOPLIST_FILE = NovaBank/Info.plist; IPHONEOS_DEPLOYMENT_TARGET = 15.0; SWIFT_VERSION = 5.0; TARGETED_DEVICE_FAMILY = "1,2"; PRODUCT_NAME = NovaBank; CODE_SIGNING_ALLOWED = NO; CODE_SIGNING_REQUIRED = NO;}; name = Release;};
A00000000000000000000073 = {isa = XCBuildConfiguration; buildSettings = {PRODUCT_BUNDLE_IDENTIFIER = com.example.NovaBank; INFOPLIST_FILE = NovaBank/Info.plist; IPHONEOS_DEPLOYMENT_TARGET = 15.0; SWIFT_VERSION = 5.0; TARGETED_DEVICE_FAMILY = "1,2"; PRODUCT_NAME = NovaBank;}; name = Release;};
/* End XCBuildConfiguration section */
/* Begin XCConfigurationList section */
A00000000000000000000061 = {isa = XCConfigurationList; buildConfigurations = (A00000000000000000000071,A00000000000000000000072); defaultConfigurationIsVisible = 0; defaultConfigurationName = Release;};
A00000000000000000000062 = {isa = XCConfigurationList; buildConfigurations = (A00000000000000000000073); defaultConfigurationIsVisible = 0; defaultConfigurationName = Release;};
/* End XCConfigurationList section */
};
rootObject = A00000000000000000000042;
}